Microsoft Visual Studio Solution File, Format Version 12.00
# Visual Studio 15
VisualStudioVersion = 15.0.26228.12
MinimumVisualStudioVersion = 15.0.26124.0
Project("{9A19103F-16F7-4668-BE54-9A1E7A4F7556}") = "ServerLoad.Core", "ServerLoad.Core\ServerLoad.Core.csproj", "{A29C7238-FDD9-4D9E-BC15-5094C9D0D189}"
EndProject
Project("{9A19103F-16F7-4668-BE54-9A1E7A4F7556}") = "ServerLoad.Domain", "ServerLoad.Domain\ServerLoad.Domain.csproj", "{48979105-C529-43B2-9525-1B345E704984}"
EndProject
Project("{9A19103F-16F7-4668-BE54-9A1E7A4F7556}") = "ServerLoad.Data", "ServerLoad.Data\ServerLoad.Data.csproj", "{C2AB1262-65C2-4236-A08D-079543605BD6}"
EndProject
Project("{9A19103F-16F7-4668-BE54-9A1E7A4F7556}") = "ServerLoad.Val", "ServerLoad.Val\ServerLoad.Val.csproj", "{E1992989-3270-49EE-9351-6A060BFCB365}"
EndProject
Project("{9A19103F-16F7-4668-BE54-9A1E7A4F7556}") = "ServerLoad.Logic", "ServerLoad.Logic\ServerLoad.Logic.csproj", "{FC204F2D-AA87-4811-B91A-4F3309C1E6CA}"
EndProject
Project("{9A19103F-16F7-4668-BE54-9A1E7A4F7556}") = "ServerLoad.WebApi", "ServerLoad.WebApi\ServerLoad.WebApi.csproj", "{024F5093-4A14-4CEF-A915-A3D2A0BBF5CD}"
EndProject
Project("{FAE04EC0-301F-11D3-BF4B-00C04F79EFBC}") = "ServerLoad.Logic.Tests.Integrations", "ServerLoad.Logic.Tests.Integrations\ServerLoad.Logic.Tests.Integrations.csproj", "{C3EF271E-672B-47DC-9B6A-8A39858F3FED}"
EndProject
Project("{FAE04EC0-301F-11D3-BF4B-00C04F79EFBC}") = "ServerLoad.Logic.Tests.Unit", "ServerLoad.Logic.Tests.Unit\ServerLoad.Logic.Tests.Unit.csproj", "{1DF77EED-E857-4FB4-8C36-5FC40248B455}"
EndProject
Project("{FAE04EC0-301F-11D3-BF4B-00C04F79EFBC}") = "ServerLoad.WebApi.Tests.Integrations", "ServerLoad.WebApi.Tests.Integrations\ServerLoad.WebApi.Tests.Integrations.csproj", "{2A08C908-A7FD-4585-AF38-646FF10D276B}"
EndProject
Project("{FAE04EC0-301F-11D3-BF4B-00C04F79EFBC}") = "ServerLoad.TestingHarness", "ServerLoad.TestingHarness\ServerLoad.TestingHarness.csproj", "{1DA1F47F-AE22-46F9-9A93-2314B168DD68}"
EndProject
Global
	GlobalSection(SolutionConfigurationPlatforms) = preSolution
		Debug|Any CPU = Debug|Any CPU
		Debug|x64 = Debug|x64
		Debug|x86 = Debug|x86
		Release|Any CPU = Release|Any CPU
		Release|x64 = Release|x64
		Release|x86 = Release|x86
	EndGlobalSection
	GlobalSection(ProjectConfigurationPlatforms) = postSolution
		{A29C7238-FDD9-4D9E-BC15-5094C9D0D189}.Debug|Any CPU.ActiveCfg = Debug|Any CPU
		{A29C7238-FDD9-4D9E-BC15-5094C9D0D189}.Debug|Any CPU.Build.0 = Debug|Any CPU
		{A29C7238-FDD9-4D9E-BC15-5094C9D0D189}.Debug|x64.ActiveCfg = Debug|Any CPU
		{A29C7238-FDD9-4D9E-BC15-5094C9D0D189}.Debug|x64.Build.0 = Debug|Any CPU
		{A29C7238-FDD9-4D9E-BC15-5094C9D0D189}.Debug|x86.ActiveCfg = Debug|Any CPU
		{A29C7238-FDD9-4D9E-BC15-5094C9D0D189}.Debug|x86.Build.0 = Debug|Any CPU
		{A29C7238-FDD9-4D9E-BC15-5094C9D0D189}.Release|Any CPU.ActiveCfg = Release|Any CPU
		{A29C7238-FDD9-4D9E-BC15-5094C9D0D189}.Release|Any CPU.Build.0 = Release|Any CPU
		{A29C7238-FDD9-4D9E-BC15-5094C9D0D189}.Release|x64.ActiveCfg = Release|Any CPU
		{A29C7238-FDD9-4D9E-BC15-5094C9D0D189}.Release|x64.Build.0 = Release|Any CPU
		{A29C7238-FDD9-4D9E-BC15-5094C9D0D189}.Release|x86.ActiveCfg = Release|Any CPU
		{A29C7238-FDD9-4D9E-BC15-5094C9D0D189}.Release|x86.Build.0 = Release|Any CPU
		{48979105-C529-43B2-9525-1B345E704984}.Debug|Any CPU.ActiveCfg = Debug|Any CPU
		{48979105-C529-43B2-9525-1B345E704984}.Debug|Any CPU.Build.0 = Debug|Any CPU
		{48979105-C529-43B2-9525-1B345E704984}.Debug|x64.ActiveCfg = Debug|Any CPU
		{48979105-C529-43B2-9525-1B345E704984}.Debug|x64.Build.0 = Debug|Any CPU
		{48979105-C529-43B2-9525-1B345E704984}.Debug|x86.ActiveCfg = Debug|Any CPU
		{48979105-C529-43B2-9525-1B345E704984}.Debug|x86.Build.0 = Debug|Any CPU
		{48979105-C529-43B2-9525-1B345E704984}.Release|Any CPU.ActiveCfg = Release|Any CPU
		{48979105-C529-43B2-9525-1B345E704984}.Release|Any CPU.Build.0 = Release|Any CPU
		{48979105-C529-43B2-9525-1B345E704984}.Release|x64.ActiveCfg = Release|Any CPU
		{48979105-C529-43B2-9525-1B345E704984}.Release|x64.Build.0 = Release|Any CPU
		{48979105-C529-43B2-9525-1B345E704984}.Release|x86.ActiveCfg = Release|Any CPU
		{48979105-C529-43B2-9525-1B345E704984}.Release|x86.Build.0 = Release|Any CPU
		{C2AB1262-65C2-4236-A08D-079543605BD6}.Debug|Any CPU.ActiveCfg = Debug|Any CPU
		{C2AB1262-65C2-4236-A08D-079543605BD6}.Debug|Any CPU.Build.0 = Debug|Any CPU
		{C2AB1262-65C2-4236-A08D-079543605BD6}.Debug|x64.ActiveCfg = Debug|Any CPU
		{C2AB1262-65C2-4236-A08D-079543605BD6}.Debug|x64.Build.0 = Debug|Any CPU
		{C2AB1262-65C2-4236-A08D-079543605BD6}.Debug|x86.ActiveCfg = Debug|Any CPU
		{C2AB1262-65C2-4236-A08D-079543605BD6}.Debug|x86.Build.0 = Debug|Any CPU
		{C2AB1262-65C2-4236-A08D-079543605BD6}.Release|Any CPU.ActiveCfg = Release|Any CPU
		{C2AB1262-65C2-4236-A08D-079543605BD6}.Release|Any CPU.Build.0 = Release|Any CPU
		{C2AB1262-65C2-4236-A08D-079543605BD6}.Release|x64.ActiveCfg = Release|Any CPU
		{C2AB1262-65C2-4236-A08D-079543605BD6}.Release|x64.Build.0 = Release|Any CPU
		{C2AB1262-65C2-4236-A08D-079543605BD6}.Release|x86.ActiveCfg = Release|Any CPU
		{C2AB1262-65C2-4236-A08D-079543605BD6}.Release|x86.Build.0 = Release|Any CPU
		{E1992989-3270-49EE-9351-6A060BFCB365}.Debug|Any CPU.ActiveCfg = Debug|Any CPU
		{E1992989-3270-49EE-9351-6A060BFCB365}.Debug|Any CPU.Build.0 = Debug|Any CPU
		{E1992989-3270-49EE-9351-6A060BFCB365}.Debug|x64.ActiveCfg = Debug|Any CPU
		{E1992989-3270-49EE-9351-6A060BFCB365}.Debug|x64.Build.0 = Debug|Any CPU
		{E1992989-3270-49EE-9351-6A060BFCB365}.Debug|x86.ActiveCfg = Debug|Any CPU
		{E1992989-3270-49EE-9351-6A060BFCB365}.Debug|x86.Build.0 = Debug|Any CPU
		{E1992989-3270-49EE-9351-6A060BFCB365}.Release|Any CPU.ActiveCfg = Release|Any CPU
		{E1992989-3270-49EE-9351-6A060BFCB365}.Release|Any CPU.Build.0 = Release|Any CPU
		{E1992989-3270-49EE-9351-6A060BFCB365}.Release|x64.ActiveCfg = Release|Any CPU
		{E1992989-3270-49EE-9351-6A060BFCB365}.Release|x64.Build.0 = Release|Any CPU
		{E1992989-3270-49EE-9351-6A060BFCB365}.Release|x86.ActiveCfg = Release|Any CPU
		{E1992989-3270-49EE-9351-6A060BFCB365}.Release|x86.Build.0 = Release|Any CPU
		{FC204F2D-AA87-4811-B91A-4F3309C1E6CA}.Debug|Any CPU.ActiveCfg = Debug|Any CPU
		{FC204F2D-AA87-4811-B91A-4F3309C1E6CA}.Debug|Any CPU.Build.0 = Debug|Any CPU
		{FC204F2D-AA87-4811-B91A-4F3309C1E6CA}.Debug|x64.ActiveCfg = Debug|Any CPU
		{FC204F2D-AA87-4811-B91A-4F3309C1E6CA}.Debug|x64.Build.0 = Debug|Any CPU
		{FC204F2D-AA87-4811-B91A-4F3309C1E6CA}.Debug|x86.ActiveCfg = Debug|Any CPU
		{FC204F2D-AA87-4811-B91A-4F3309C1E6CA}.Debug|x86.Build.0 = Debug|Any CPU
		{FC204F2D-AA87-4811-B91A-4F3309C1E6CA}.Release|Any CPU.ActiveCfg = Release|Any CPU
		{FC204F2D-AA87-4811-B91A-4F3309C1E6CA}.Release|Any CPU.Build.0 = Release|Any CPU
		{FC204F2D-AA87-4811-B91A-4F3309C1E6CA}.Release|x64.ActiveCfg = Release|Any CPU
		{FC204F2D-AA87-4811-B91A-4F3309C1E6CA}.Release|x64.Build.0 = Release|Any CPU
		{FC204F2D-AA87-4811-B91A-4F3309C1E6CA}.Release|x86.ActiveCfg = Release|Any CPU
		{FC204F2D-AA87-4811-B91A-4F3309C1E6CA}.Release|x86.Build.0 = Release|Any CPU
		{024F5093-4A14-4CEF-A915-A3D2A0BBF5CD}.Debug|Any CPU.ActiveCfg = Debug|Any CPU
		{024F5093-4A14-4CEF-A915-A3D2A0BBF5CD}.Debug|Any CPU.Build.0 = Debug|Any CPU
		{024F5093-4A14-4CEF-A915-A3D2A0BBF5CD}.Debug|x64.ActiveCfg = Debug|Any CPU
		{024F5093-4A14-4CEF-A915-A3D2A0BBF5CD}.Debug|x64.Build.0 = Debug|Any CPU
		{024F5093-4A14-4CEF-A915-A3D2A0BBF5CD}.Debug|x86.ActiveCfg = Debug|Any CPU
		{024F5093-4A14-4CEF-A915-A3D2A0BBF5CD}.Debug|x86.Build.0 = Debug|Any CPU
		{024F5093-4A14-4CEF-A915-A3D2A0BBF5CD}.Release|Any CPU.ActiveCfg = Release|Any CPU
		{024F5093-4A14-4CEF-A915-A3D2A0BBF5CD}.Release|Any CPU.Build.0 = Release|Any CPU
		{024F5093-4A14-4CEF-A915-A3D2A0BBF5CD}.Release|x64.ActiveCfg = Release|Any CPU
		{024F5093-4A14-4CEF-A915-A3D2A0BBF5CD}.Release|x64.Build.0 = Release|Any CPU
		{024F5093-4A14-4CEF-A915-A3D2A0BBF5CD}.Release|x86.ActiveCfg = Release|Any CPU
		{024F5093-4A14-4CEF-A915-A3D2A0BBF5CD}.Release|x86.Build.0 = Release|Any CPU
		{C3EF271E-672B-47DC-9B6A-8A39858F3FED}.Debug|Any CPU.ActiveCfg = Debug|Any CPU
		{C3EF271E-672B-47DC-9B6A-8A39858F3FED}.Debug|Any CPU.Build.0 = Debug|Any CPU
		{C3EF271E-672B-47DC-9B6A-8A39858F3FED}.Debug|x64.ActiveCfg = Debug|Any CPU
		{C3EF271E-672B-47DC-9B6A-8A39858F3FED}.Debug|x64.Build.0 = Debug|Any CPU
		{C3EF271E-672B-47DC-9B6A-8A39858F3FED}.Debug|x86.ActiveCfg = Debug|Any CPU
		{C3EF271E-672B-47DC-9B6A-8A39858F3FED}.Debug|x86.Build.0 = Debug|Any CPU
		{C3EF271E-672B-47DC-9B6A-8A39858F3FED}.Release|Any CPU.ActiveCfg = Release|Any CPU
		{C3EF271E-672B-47DC-9B6A-8A39858F3FED}.Release|Any CPU.Build.0 = Release|Any CPU
		{C3EF271E-672B-47DC-9B6A-8A39858F3FED}.Release|x64.ActiveCfg = Release|Any CPU
		{C3EF271E-672B-47DC-9B6A-8A39858F3FED}.Release|x64.Build.0 = Release|Any CPU
		{C3EF271E-672B-47DC-9B6A-8A39858F3FED}.Release|x86.ActiveCfg = Release|Any CPU
		{C3EF271E-672B-47DC-9B6A-8A39858F3FED}.Release|x86.Build.0 = Release|Any CPU
		{1DF77EED-E857-4FB4-8C36-5FC40248B455}.Debug|Any CPU.ActiveCfg = Debug|Any CPU
		{1DF77EED-E857-4FB4-8C36-5FC40248B455}.Debug|Any CPU.Build.0 = Debug|Any CPU
		{1DF77EED-E857-4FB4-8C36-5FC40248B455}.Debug|x64.ActiveCfg = Debug|Any CPU
		{1DF77EED-E857-4FB4-8C36-5FC40248B455}.Debug|x64.Build.0 = Debug|Any CPU
		{1DF77EED-E857-4FB4-8C36-5FC40248B455}.Debug|x86.ActiveCfg = Debug|Any CPU
		{1DF77EED-E857-4FB4-8C36-5FC40248B455}.Debug|x86.Build.0 = Debug|Any CPU
		{1DF77EED-E857-4FB4-8C36-5FC40248B455}.Release|Any CPU.ActiveCfg = Release|Any CPU
		{1DF77EED-E857-4FB4-8C36-5FC40248B455}.Release|Any CPU.Build.0 = Release|Any CPU
		{1DF77EED-E857-4FB4-8C36-5FC40248B455}.Release|x64.ActiveCfg = Release|Any CPU
		{1DF77EED-E857-4FB4-8C36-5FC40248B455}.Release|x64.Build.0 = Release|Any CPU
		{1DF77EED-E857-4FB4-8C36-5FC40248B455}.Release|x86.ActiveCfg = Release|Any CPU
		{1DF77EED-E857-4FB4-8C36-5FC40248B455}.Release|x86.Build.0 = Release|Any CPU
		{2A08C908-A7FD-4585-AF38-646FF10D276B}.Debug|Any CPU.ActiveCfg = Debug|Any CPU
		{2A08C908-A7FD-4585-AF38-646FF10D276B}.Debug|Any CPU.Build.0 = Debug|Any CPU
		{2A08C908-A7FD-4585-AF38-646FF10D276B}.Debug|x64.ActiveCfg = Debug|Any CPU
		{2A08C908-A7FD-4585-AF38-646FF10D276B}.Debug|x64.Build.0 = Debug|Any CPU
		{2A08C908-A7FD-4585-AF38-646FF10D276B}.Debug|x86.ActiveCfg = Debug|Any CPU
		{2A08C908-A7FD-4585-AF38-646FF10D276B}.Debug|x86.Build.0 = Debug|Any CPU
		{2A08C908-A7FD-4585-AF38-646FF10D276B}.Release|Any CPU.ActiveCfg = Release|Any CPU
		{2A08C908-A7FD-4585-AF38-646FF10D276B}.Release|Any CPU.Build.0 = Release|Any CPU
		{2A08C908-A7FD-4585-AF38-646FF10D276B}.Release|x64.ActiveCfg = Release|Any CPU
		{2A08C908-A7FD-4585-AF38-646FF10D276B}.Release|x64.Build.0 = Release|Any CPU
		{2A08C908-A7FD-4585-AF38-646FF10D276B}.Release|x86.ActiveCfg = Release|Any CPU
		{2A08C908-A7FD-4585-AF38-646FF10D276B}.Release|x86.Build.0 = Release|Any CPU
		{1DA1F47F-AE22-46F9-9A93-2314B168DD68}.Debug|Any CPU.ActiveCfg = Debug|Any CPU
		{1DA1F47F-AE22-46F9-9A93-2314B168DD68}.Debug|Any CPU.Build.0 = Debug|Any CPU
		{1DA1F47F-AE22-46F9-9A93-2314B168DD68}.Debug|x64.ActiveCfg = Debug|Any CPU
		{1DA1F47F-AE22-46F9-9A93-2314B168DD68}.Debug|x64.Build.0 = Debug|Any CPU
		{1DA1F47F-AE22-46F9-9A93-2314B168DD68}.Debug|x86.ActiveCfg = Debug|Any CPU
		{1DA1F47F-AE22-46F9-9A93-2314B168DD68}.Debug|x86.Build.0 = Debug|Any CPU
		{1DA1F47F-AE22-46F9-9A93-2314B168DD68}.Release|Any CPU.ActiveCfg = Release|Any CPU
		{1DA1F47F-AE22-46F9-9A93-2314B168DD68}.Release|Any CPU.Build.0 = Release|Any CPU
		{1DA1F47F-AE22-46F9-9A93-2314B168DD68}.Release|x64.ActiveCfg = Release|Any CPU
		{1DA1F47F-AE22-46F9-9A93-2314B168DD68}.Release|x64.Build.0 = Release|Any CPU
		{1DA1F47F-AE22-46F9-9A93-2314B168DD68}.Release|x86.ActiveCfg = Release|Any CPU
		{1DA1F47F-AE22-46F9-9A93-2314B168DD68}.Release|x86.Build.0 = Release|Any CPU
	EndGlobalSection
	GlobalSection(SolutionProperties) = preSolution
		HideSolutionNode = FALSE
	EndGlobalSection
EndGlobal
